// !$*UTF8*$!
{
	archiveVersion = 1;
	classes = {
	};
	objectVersion = 46;
	objects = {

/* Begin PBXBuildFile section */
		2D29E6C314C666C500DA44CB /* UIKit.framework in Frameworks */ = {isa = PBXBuildFile; fileRef = 2D29E6C214C666C500DA44CB /* UIKit.framework */; };
		2D29E6C514C666C500DA44CB /* Foundation.framework in Frameworks */ = {isa = PBXBuildFile; fileRef = 2D29E6C414C666C500DA44CB /* Foundation.framework */; };
		2D29E6C714C666C500DA44CB /* CoreGraphics.framework in Frameworks */ = {isa = PBXBuildFile; fileRef = 2D29E6C614C666C500DA44CB /* CoreGraphics.framework */; };
		2D29E6CD14C666C500DA44CB /* InfoPlist.strings in Resources */ = {isa = PBXBuildFile; fileRef = 2D29E6CB14C666C500DA44CB /* InfoPlist.strings */; };
		2D29E6CF14C666C500DA44CB /* main.m in Sources */ = {isa = PBXBuildFile; fileRef = 2D29E6CE14C666C500DA44CB /* main.m */; };
		2D29E6D314C666C500DA44CB /* AppDelegate.m in Sources */ = {isa = PBXBuildFile; fileRef = 2D29E6D214C666C500DA44CB /* AppDelegate.m */; };
		2D29E6DC14C666C500DA44CB /* ViewController.m in Sources */ = {isa = PBXBuildFile; fileRef = 2D29E6DB14C666C500DA44CB /* ViewController.m */; };
		2D6144F1152AB18B007A3631 /* ViewController_iPad.xib in Resources */ = {isa = PBXBuildFile; fileRef = 2D6144ED152AB18B007A3631 /* ViewController_iPad.xib */; };
		2D6144F2152AB18B007A3631 /* ViewController_iPhone.xib in Resources */ = {isa = PBXBuildFile; fileRef = 2D6144EF152AB18B007A3631 /* ViewController_iPhone.xib */; };
		2D6EC5B8152683D000C384C6 /* space_math_icon.png in Resources */ = {isa = PBXBuildFile; fileRef = 2DB51C8915264C5A0055CE3C /* space_math_icon.png */; };
		2D6EC5B91526890F00C384C6 /* space_math_bk.png in Resources */ = {isa = PBXBuildFile; fileRef = 2DB51C951526592A0055CE3C /* space_math_bk.png */; };
		2D6EC5BA1526890F00C384C6 /* space_math.png in Resources */ = {isa = PBXBuildFile; fileRef = 2DB51C961526592A0055CE3C /* space_math.png */; };
		2D6EC5BB1526890F00C384C6 /* data1m.js in Resources */ = {isa = PBXBuildFile; fileRef = 2DB51C8B15264E6D0055CE3C /* data1m.js */; };
		2D911C5014F8D2780058C6CE /* StoreKit.framework in Frameworks */ = {isa = PBXBuildFile; fileRef = 2D911C4F14F8D2780058C6CE /* StoreKit.framework */; };
		2D9C1655152BB383004CE014 /* Default.png in Resources */ = {isa = PBXBuildFile; fileRef = 2DCFEA0C151AA34F00253EBA /* Default.png */; };
		2D9C1657152BBA4F004CE014 /* ufo.png in Resources */ = {isa = PBXBuildFile; fileRef = 2D9C1656152BBA4F004CE014 /* ufo.png */; };
		2DB51C511523E2660055CE3C /* space_kana_bk.png in Resources */ = {isa = PBXBuildFile; fileRef = 2DB51C4F1523E2660055CE3C /* space_kana_bk.png */; };
		2DB51C541523E2AD0055CE3C /* iphone4_setting.css in Resources */ = {isa = PBXBuildFile; fileRef = 2DB51C531523E2AD0055CE3C /* iphone4_setting.css */; };
		2DB51C5E152525FC0055CE3C /* setting.js in Resources */ = {isa = PBXBuildFile; fileRef = 2DB51C4E1523E2660055CE3C /* setting.js */; };
		2DB51C6015262F240055CE3C /* ship_plate.png in Resources */ = {isa = PBXBuildFile; fileRef = 2DB51C5F15262F240055CE3C /* ship_plate.png */; };
		2DB51C9015264E6D0055CE3C /* index_j.html in Resources */ = {isa = PBXBuildFile; fileRef = 2DB51C8C15264E6D0055CE3C /* index_j.html */; };
		2DB51C9215264E6D0055CE3C /* setting_j.html in Resources */ = {isa = PBXBuildFile; fileRef = 2DB51C8D15264E6D0055CE3C /* setting_j.html */; };
		2DB6FB9114C79D7900532D47 /* osk_icon.png in Resources */ = {isa = PBXBuildFile; fileRef = 2DB6FB9014C79D7900532D47 /* osk_icon.png */; };
		2DCFEA041517929C00253EBA /* PurchaseCheck.m in Sources */ = {isa = PBXBuildFile; fileRef = 2DCFEA031517929C00253EBA /* PurchaseCheck.m */; };
		2DCFEA07151799FA00253EBA /* spaceback.png in Resources */ = {isa = PBXBuildFile; fileRef = 2DCFEA06151799FA00253EBA /* spaceback.png */; };
		2DCFEA09151A84A200253EBA /* space_kana.png in Resources */ = {isa = PBXBuildFile; fileRef = 2DCFEA08151A84A200253EBA /* space_kana.png */; };
		2DCFEA0B151A9E9E00253EBA /* space_kana_icon.png in Resources */ = {isa = PBXBuildFile; fileRef = 2DCFEA0A151A9E9E00253EBA /* space_kana_icon.png */; };
		2DCFEA10151AA40200253EBA /* Default@2x.png in Resources */ = {isa = PBXBuildFile; fileRef = 2DCFEA0E151AA35700253EBA /* Default@2x.png */; };
		2DF1DF3B14C7987200C4DB4E /* galaxy.png in Resources */ = {isa = PBXBuildFile; fileRef = 2DF1DF3614C7987200C4DB4E /* galaxy.png */; };
		2DF1DF3D14C7987200C4DB4E /* index.html in Resources */ = {isa = PBXBuildFile; fileRef = 2DF1DF3814C7987200C4DB4E /* index.html */; };
		2DF1DF3E14C7987200C4DB4E /* main.css in Resources */ = {isa = PBXBuildFile; fileRef = 2DF1DF3914C7987200C4DB4E /* main.css */; };
		2DF1DF4114C798CD00C4DB4E /* game.js in Resources */ = {isa = PBXBuildFile; fileRef = 2DF1DF3714C7987200C4DB4E /* game.js */; };
		2DF52A0814EE1E7C008AE062 /* iphone4.css in Resources */ = {isa = PBXBuildFile; fileRef = 2DF52A0714EE1E7C008AE062 /* iphone4.css */; };
		2DFA136E151BC28500458B97 /* redo_icon.png in Resources */ = {isa = PBXBuildFile; fileRef = 2DFA136D151BC28500458B97 /* redo_icon.png */; };
		2DFA1370151BCED200458B97 /* setting.html in Resources */ = {isa = PBXBuildFile; fileRef = 2DFA136F151BCED200458B97 /* setting.html */; };
		2DFA1372151BD06800458B97 /* setting_icon.png in Resources */ = {isa = PBXBuildFile; fileRef = 2DFA1371151BD06800458B97 /* setting_icon.png */; };
/* End PBXBuildFile section */

/* Begin PBXFileReference section */
		2D29E6BE14C666C500DA44CB /* Space Math.app */ = {isa = PBXFileReference; explicitFileType = wrapper.application; includeInIndex = 0; path = "Space Math.app"; sourceTree = BUILT_PRODUCTS_DIR; };
		2D29E6C214C666C500DA44CB /* UIKit.framework */ = {isa = PBXFileReference; lastKnownFileType = wrapper.framework; name = UIKit.framework; path = System/Library/Frameworks/UIKit.framework; sourceTree = SDKROOT; };
		2D29E6C414C666C500DA44CB /* Foundation.framework */ = {isa = PBXFileReference; lastKnownFileType = wrapper.framework; name = Foundation.framework; path = System/Library/Frameworks/Foundation.framework; sourceTree = SDKROOT; };
		2D29E6C614C666C500DA44CB /* CoreGraphics.framework */ = {isa = PBXFileReference; lastKnownFileType = wrapper.framework; name = CoreGraphics.framework; path = System/Library/Frameworks/CoreGraphics.framework; sourceTree = SDKROOT; };
		2D29E6CA14C666C500DA44CB /* CharTouch-Info.plist */ = {isa = PBXFileReference; lastKnownFileType = text.plist.xml; path = "CharTouch-Info.plist"; sourceTree = "<group>"; };
		2D29E6CC14C666C500DA44CB /* en */ = {isa = PBXFileReference; lastKnownFileType = text.plist.strings; name = en; path = en.lproj/InfoPlist.strings; sourceTree = "<group>"; };
		2D29E6CE14C666C500DA44CB /* main.m */ = {isa = PBXFileReference; lastKnownFileType = sourcecode.c.objc; path = main.m; sourceTree = "<group>"; };
		2D29E6D014C666C500DA44CB /* CharTouch-Prefix.pch */ = {isa = PBXFileReference; lastKnownFileType = sourcecode.c.h; path = "CharTouch-Prefix.pch"; sourceTree = "<group>"; };
		2D29E6D214C666C500DA44CB /* AppDelegate.m */ = {isa = PBXFileReference; lastKnownFileType = sourcecode.c.objc; path = AppDelegate.m; sourceTree = "<group>"; };
		2D29E6DA14C666C500DA44CB /* ViewController.h */ = {isa = PBXFileReference; lastKnownFileType = sourcecode.c.h; path = ViewController.h; sourceTree = "<group>"; };
		2D29E6DB14C666C500DA44CB /* ViewController.m */ = {isa = PBXFileReference; lastKnownFileType = sourcecode.c.objc; path = ViewController.m; sourceTree = "<group>"; };
		2D29E6E314C666C600DA44CB /* SenTestingKit.framework */ = {isa = PBXFileReference; lastKnownFileType = wrapper.framework; name = SenTestingKit.framework; path = Library/Frameworks/SenTestingKit.framework; sourceTree = DEVELOPER_DIR; };
		2D29E6EB14C666C600DA44CB /* CharTouchTests-Info.plist */ = {isa = PBXFileReference; lastKnownFileType = text.plist.xml; path = "CharTouchTests-Info.plist"; sourceTree = "<group>"; };
		2D29E6ED14C666C600DA44CB /* en */ = {isa = PBXFileReference; lastKnownFileType = text.plist.strings; name = en; path = en.lproj/InfoPlist.strings; sourceTree = "<group>"; };
		2D29E6EF14C666C600DA44CB /* CharTouchTests.h */ = {isa = PBXFileReference; lastKnownFileType = sourcecode.c.h; path = CharTouchTests.h; sourceTree = "<group>"; };
		2D29E6F014C666C600DA44CB /* CharTouchTests.m */ = {isa = PBXFileReference; lastKnownFileType = sourcecode.c.objc; path = CharTouchTests.m; sourceTree = "<group>"; };
		2D6144EE152AB18B007A3631 /* en */ = {isa = PBXFileReference; lastKnownFileType = file.xib; name = en; path = en.lproj/ViewController_iPad.xib; sourceTree = "<group>"; };
		2D6144F0152AB18B007A3631 /* en */ = {isa = PBXFileReference; lastKnownFileType = file.xib; name = en; path = en.lproj/ViewController_iPhone.xib; sourceTree = "<group>"; };
		2D614585152ABEDB007A3631 /* AppDelegate.h */ = {isa = PBXFileReference; fileEncoding = 4; lastKnownFileType = sourcecode.c.h; path = AppDelegate.h; sourceTree = "<group>"; };
		2D71279814CF61F300B7CC9A /* data1.js */ = {isa = PBXFileReference; fileEncoding = 4; lastKnownFileType = sourcecode.javascript; path = data1.js; sourceTree = "<group>"; };
		2D911C4F14F8D2780058C6CE /* StoreKit.framework */ = {isa = PBXFileReference; lastKnownFileType = wrapper.framework; name = StoreKit.framework; path = System/Library/Frameworks/StoreKit.framework; sourceTree = SDKROOT; };
		2D9C1656152BBA4F004CE014 /* ufo.png */ = {isa = PBXFileReference; lastKnownFileType = image.png; path = ufo.png; sourceTree = "<group>"; };
		2DB51C4E1523E2660055CE3C /* setting.js */ = {isa = PBXFileReference; fileEncoding = 4; lastKnownFileType = sourcecode.javascript; path = setting.js; sourceTree = "<group>"; };
		2DB51C4F1523E2660055CE3C /* space_kana_bk.png */ = {isa = PBXFileReference; lastKnownFileType = image.png; path = space_kana_bk.png; sourceTree = "<group>"; };
		2DB51C531523E2AD0055CE3C /* iphone4_setting.css */ = {isa = PBXFileReference; fileEncoding = 4; lastKnownFileType = text.css; path = iphone4_setting.css; sourceTree = "<group>"; };
		2DB51C5F15262F240055CE3C /* ship_plate.png */ = {isa = PBXFileReference; lastKnownFileType = image.png; path = ship_plate.png; sourceTree = "<group>"; };
		2DB51C8915264C5A0055CE3C /* space_math_icon.png */ = {isa = PBXFileReference; lastKnownFileType = image.png; path = space_math_icon.png; sourceTree = "<group>"; };
		2DB51C8B15264E6D0055CE3C /* data1m.js */ = {isa = PBXFileReference; fileEncoding = 4; lastKnownFileType = sourcecode.javascript; path = data1m.js; sourceTree = "<group>"; };
		2DB51C8C15264E6D0055CE3C /* index_j.html */ = {isa = PBXFileReference; fileEncoding = 4; lastKnownFileType = text.html; path = index_j.html; sourceTree = "<group>"; };
		2DB51C8D15264E6D0055CE3C /* setting_j.html */ = {isa = PBXFileReference; fileEncoding = 4; lastKnownFileType = text.html; path = setting_j.html; sourceTree = "<group>"; };
		2DB51C951526592A0055CE3C /* space_math_bk.png */ = {isa = PBXFileReference; lastKnownFileType = image.png; path = space_math_bk.png; sourceTree = "<group>"; };
		2DB51C961526592A0055CE3C /* space_math.png */ = {isa = PBXFileReference; lastKnownFileType = image.png; path = space_math.png; sourceTree = "<group>"; };
		2DB6FB9014C79D7900532D47 /* osk_icon.png */ = {isa = PBXFileReference; lastKnownFileType = image.png; path = osk_icon.png; sourceTree = "<group>"; };
		2DCFEA021517929C00253EBA /* PurchaseCheck.h */ = {isa = PBXFileReference; fileEncoding = 4; lastKnownFileType = sourcecode.c.h; path = PurchaseCheck.h; sourceTree = "<group>"; };
		2DCFEA031517929C00253EBA /* PurchaseCheck.m */ = {isa = PBXFileReference; fileEncoding = 4; lastKnownFileType = sourcecode.c.objc; path = PurchaseCheck.m; sourceTree = "<group>"; };
		2DCFEA06151799FA00253EBA /* spaceback.png */ = {isa = PBXFileReference; lastKnownFileType = image.png; path = spaceback.png; sourceTree = "<group>"; };
		2DCFEA08151A84A200253EBA /* space_kana.png */ = {isa = PBXFileReference; lastKnownFileType = image.png; path = space_kana.png; sourceTree = "<group>"; };
		2DCFEA0A151A9E9E00253EBA /* space_kana_icon.png */ = {isa = PBXFileReference; lastKnownFileType = image.png; path = space_kana_icon.png; sourceTree = "<group>"; };
		2DCFEA0C151AA34F00253EBA /* Default.png */ = {isa = PBXFileReference; lastKnownFileType = image.png; path = Default.png; sourceTree = "<group>"; };
		2DCFEA0E151AA35700253EBA /* Default@2x.png */ = {isa = PBXFileReference; lastKnownFileType = image.png; path = "Default@2x.png"; sourceTree = "<group>"; };
		2DD65DEA14D20820007EE293 /* data1k.js */ = {isa = PBXFileReference; fileEncoding = 4; lastKnownFileType = sourcecode.javascript; path = data1k.js; sourceTree = "<group>"; };
		2DF1DF3614C7987200C4DB4E /* galaxy.png */ = {isa = PBXFileReference; lastKnownFileType = image.png; path = galaxy.png; sourceTree = "<group>"; };
		2DF1DF3714C7987200C4DB4E /* game.js */ = {isa = PBXFileReference; fileEncoding = 4; lastKnownFileType = sourcecode.javascript; path = game.js; sourceTree = "<group>"; };
		2DF1DF3814C7987200C4DB4E /* index.html */ = {isa = PBXFileReference; fileEncoding = 4; lastKnownFileType = text.html; path = index.html; sourceTree = "<group>"; };
		2DF1DF3914C7987200C4DB4E /* main.css */ = {isa = PBXFileReference; fileEncoding = 4; lastKnownFileType = text.css; path = main.css; sourceTree = "<group>"; };
		2DF52A0714EE1E7C008AE062 /* iphone4.css */ = {isa = PBXFileReference; fileEncoding = 4; lastKnownFileType = text.css; path = iphone4.css; sourceTree = "<group>"; };
		2DFA136D151BC28500458B97 /* redo_icon.png */ = {isa = PBXFileReference; lastKnownFileType = image.png; name = redo_icon.png; path = ../../../redo_icon.png; sourceTree = "<group>"; };
		2DFA136F151BCED200458B97 /* setting.html */ = {isa = PBXFileReference; fileEncoding = 4; lastKnownFileType = text.html; path = setting.html; sourceTree = "<group>"; };
		2DFA1371151BD06800458B97 /* setting_icon.png */ = {isa = PBXFileReference; lastKnownFileType = image.png; path = setting_icon.png; sourceTree = "<group>"; };
/* End PBXFileReference section */

/* Begin PBXFrameworksBuildPhase section */
		2D29E6BB14C666C500DA44CB /* Frameworks */ = {
			isa = PBXFrameworksBuildPhase;
			buildActionMask = 2147483647;
			files = (
				2D911C5014F8D2780058C6CE /* StoreKit.framework in Frameworks */,
				2D29E6C314C666C500DA44CB /* UIKit.framework in Frameworks */,
				2D29E6C514C666C500DA44CB /* Foundation.framework in Frameworks */,
				2D29E6C714C666C500DA44CB /* CoreGraphics.framework in Frameworks */,
			);
			runOnlyForDeploymentPostprocessing = 0;
		};
/* End PBXFrameworksBuildPhase section */

/* Begin PBXGroup section */
		2D29E6B314C666C500DA44CB = {
			isa = PBXGroup;
			children = (
				2DB51C8915264C5A0055CE3C /* space_math_icon.png */,
				2DCFEA0E151AA35700253EBA /* Default@2x.png */,
				2DCFEA0C151AA34F00253EBA /* Default.png */,
				2DCFEA0A151A9E9E00253EBA /* space_kana_icon.png */,
				2D911C4F14F8D2780058C6CE /* StoreKit.framework */,
				2DB6FB9014C79D7900532D47 /* osk_icon.png */,
				2D29E6C814C666C500DA44CB /* CharTouch */,
				2D29E6E914C666C600DA44CB /* CharTouchTests */,
				2D29E6C114C666C500DA44CB /* Frameworks */,
				2D29E6BF14C666C500DA44CB /* Products */,
			);
			sourceTree = "<group>";
		};
		2D29E6BF14C666C500DA44CB /* Products */ = {
			isa = PBXGroup;
			children = (
				2D29E6BE14C666C500DA44CB /* Space Math.app */,
			);
			name = Products;
			sourceTree = "<group>";
		};
		2D29E6C114C666C500DA44CB /* Frameworks */ = {
			isa = PBXGroup;
			children = (
				2D29E6C214C666C500DA44CB /* UIKit.framework */,
				2D29E6C414C666C500DA44CB /* Foundation.framework */,
				2D29E6C614C666C500DA44CB /* CoreGraphics.framework */,
				2D29E6E314C666C600DA44CB /* SenTestingKit.framework */,
			);
			name = Frameworks;
			sourceTree = "<group>";
		};
		2D29E6C814C666C500DA44CB /* CharTouch */ = {
			isa = PBXGroup;
			children = (
				2D6144ED152AB18B007A3631 /* ViewController_iPad.xib */,
				2D6144EF152AB18B007A3631 /* ViewController_iPhone.xib */,
				2DCFEA021517929C00253EBA /* PurchaseCheck.h */,
				2DCFEA031517929C00253EBA /* PurchaseCheck.m */,
				2D614585152ABEDB007A3631 /* AppDelegate.h */,
				2D29E6D214C666C500DA44CB /* AppDelegate.m */,
				2D29E6DA14C666C500DA44CB /* ViewController.h */,
				2D29E6DB14C666C500DA44CB /* ViewController.m */,
				2D29E6C914C666C500DA44CB /* Supporting Files */,
			);
			path = CharTouch;
			sourceTree = "<group>";
		};
		2D29E6C914C666C500DA44CB /* Supporting Files */ = {
			isa = PBXGroup;
			children = (
				2DF1DF3514C7987200C4DB4E /* web */,
				2D29E6CA14C666C500DA44CB /* CharTouch-Info.plist */,
				2D29E6CB14C666C500DA44CB /* InfoPlist.strings */,
				2D29E6CE14C666C500DA44CB /* main.m */,
				2D29E6D014C666C500DA44CB /* CharTouch-Prefix.pch */,
			);
			name = "Supporting Files";
			sourceTree = "<group>";
		};
		2D29E6E914C666C600DA44CB /* CharTouchTests */ = {
			isa = PBXGroup;
			children = (
				2D29E6EF14C666C600DA44CB /* CharTouchTests.h */,
				2D29E6F014C666C600DA44CB /* CharTouchTests.m */,
				2D29E6EA14C666C600DA44CB /* Supporting Files */,
			);
			path = CharTouchTests;
			sourceTree = "<group>";
		};
		2D29E6EA14C666C600DA44CB /* Supporting Files */ = {
			isa = PBXGroup;
			children = (
				2D29E6EB14C666C600DA44CB /* CharTouchTests-Info.plist */,
				2D29E6EC14C666C600DA44CB /* InfoPlist.strings */,
			);
			name = "Supporting Files";
			sourceTree = "<group>";
		};
		2DF1DF3514C7987200C4DB4E /* web */ = {
			isa = PBXGroup;
			children = (
				2D9C1656152BBA4F004CE014 /* ufo.png */,
				2DB51C951526592A0055CE3C /* space_math_bk.png */,
				2DB51C961526592A0055CE3C /* space_math.png */,
				2DB51C8B15264E6D0055CE3C /* data1m.js */,
				2DB51C8C15264E6D0055CE3C /* index_j.html */,
				2DB51C8D15264E6D0055CE3C /* setting_j.html */,
				2DF1DF3814C7987200C4DB4E /* index.html */,
				2DFA136F151BCED200458B97 /* setting.html */,
				2DF1DF3914C7987200C4DB4E /* main.css */,
				2DF52A0714EE1E7C008AE062 /* iphone4.css */,
				2DB51C531523E2AD0055CE3C /* iphone4_setting.css */,
				2DF1DF3714C7987200C4DB4E /* game.js */,
				2DB51C4E1523E2660055CE3C /* setting.js */,
				2DD65DEA14D20820007EE293 /* data1k.js */,
				2D71279814CF61F300B7CC9A /* data1.js */,
				2DCFEA06151799FA00253EBA /* spaceback.png */,
				2DB51C5F15262F240055CE3C /* ship_plate.png */,
				2DCFEA08151A84A200253EBA /* space_kana.png */,
				2DFA1371151BD06800458B97 /* setting_icon.png */,
				2DFA136D151BC28500458B97 /* redo_icon.png */,
				2DF1DF3614C7987200C4DB4E /* galaxy.png */,
				2DB51C4F1523E2660055CE3C /* space_kana_bk.png */,
			);
			path = web;
			sourceTree = "<group>";
		};
/* End PBXGroup section */

/* Begin PBXNativeTarget section */
		2D29E6BD14C666C500DA44CB /* Math_T */ = {
			isa = PBXNativeTarget;
			buildConfigurationList = 2D29E6F414C666C600DA44CB /* Build configuration list for PBXNativeTarget "Math_T" */;
			buildPhases = (
				2D29E6BA14C666C500DA44CB /* Sources */,
				2D29E6BB14C666C500DA44CB /* Frameworks */,
				2D29E6BC14C666C500DA44CB /* Resources */,
			);
			buildRules = (
			);
			dependencies = (
			);
			name = Math_T;
			productName = CharTouch;
			productReference = 2D29E6BE14C666C500DA44CB /* Space Math.app */;
			productType = "com.apple.product-type.application";
		};
/* End PBXNativeTarget section */

/* Begin PBXProject section */
		2D29E6B514C666C500DA44CB /* Project object */ = {
			isa = PBXProject;
			attributes = {
				LastUpgradeCheck = 0420;
			};
			buildConfigurationList = 2D29E6B814C666C500DA44CB /* Build configuration list for PBXProject "CharTouch" */;
			compatibilityVersion = "Xcode 3.2";
			developmentRegion = English;
			hasScannedForEncodings = 0;
			knownRegions = (
				en,
			);
			mainGroup = 2D29E6B314C666C500DA44CB;
			productRefGroup = 2D29E6BF14C666C500DA44CB /* Products */;
			projectDirPath = "";
			projectRoot = "";
			targets = (
				2D29E6BD14C666C500DA44CB /* Math_T */,
			);
		};
/* End PBXProject section */

/* Begin PBXResourcesBuildPhase section */
		2D29E6BC14C666C500DA44CB /* Resources */ = {
			isa = PBXResourcesBuildPhase;
			buildActionMask = 2147483647;
			files = (
				2D6EC5B91526890F00C384C6 /* space_math_bk.png in Resources */,
				2D6EC5BA1526890F00C384C6 /* space_math.png in Resources */,
				2D6EC5BB1526890F00C384C6 /* data1m.js in Resources */,
				2DB51C5E152525FC0055CE3C /* setting.js in Resources */,
				2DF1DF4114C798CD00C4DB4E /* game.js in Resources */,
				2D29E6CD14C666C500DA44CB /* InfoPlist.strings in Resources */,
				2DF1DF3B14C7987200C4DB4E /* galaxy.png in Resources */,
				2DF1DF3D14C7987200C4DB4E /* index.html in Resources */,
				2DF1DF3E14C7987200C4DB4E /* main.css in Resources */,
				2DB6FB9114C79D7900532D47 /* osk_icon.png in Resources */,
				2DF52A0814EE1E7C008AE062 /* iphone4.css in Resources */,
				2DCFEA07151799FA00253EBA /* spaceback.png in Resources */,
				2DCFEA09151A84A200253EBA /* space_kana.png in Resources */,
				2DCFEA0B151A9E9E00253EBA /* space_kana_icon.png in Resources */,
				2DCFEA10151AA40200253EBA /* Default@2x.png in Resources */,
				2DFA136E151BC28500458B97 /* redo_icon.png in Resources */,
				2DFA1370151BCED200458B97 /* setting.html in Resources */,
				2DFA1372151BD06800458B97 /* setting_icon.png in Resources */,
				2DB51C511523E2660055CE3C /* space_kana_bk.png in Resources */,
				2DB51C541523E2AD0055CE3C /* iphone4_setting.css in Resources */,
				2DB51C6015262F240055CE3C /* ship_plate.png in Resources */,
				2DB51C9015264E6D0055CE3C /* index_j.html in Resources */,
				2DB51C9215264E6D0055CE3C /* setting_j.html in Resources */,
				2D6EC5B8152683D000C384C6 /* space_math_icon.png in Resources */,
				2D6144F1152AB18B007A3631 /* ViewController_iPad.xib in Resources */,
				2D6144F2152AB18B007A3631 /* ViewController_iPhone.xib in Resources */,
				2D9C1655152BB383004CE014 /* Default.png in Resources */,
				2D9C1657152BBA4F004CE014 /* ufo.png in Resources */,
			);
			runOnlyForDeploymentPostprocessing = 0;
		};
/* End PBXResourcesBuildPhase section */

/* Begin PBXSourcesBuildPhase section */
		2D29E6BA14C666C500DA44CB /* Sources */ = {
			isa = PBXSourcesBuildPhase;
			buildActionMask = 2147483647;
			files = (
				2D29E6CF14C666C500DA44CB /* main.m in Sources */,
				2D29E6D314C666C500DA44CB /* AppDelegate.m in Sources */,
				2D29E6DC14C666C500DA44CB /* ViewController.m in Sources */,
				2DCFEA041517929C00253EBA /* PurchaseCheck.m in Sources */,
			);
			runOnlyForDeploymentPostprocessing = 0;
		};
/* End PBXSourcesBuildPhase section */

/* Begin PBXVariantGroup section */
		2D29E6CB14C666C500DA44CB /* InfoPlist.strings */ = {
			isa = PBXVariantGroup;
			children = (
				2D29E6CC14C666C500DA44CB /* en */,
			);
			name = InfoPlist.strings;
			sourceTree = "<group>";
		};
		2D29E6EC14C666C600DA44CB /* InfoPlist.strings */ = {
			isa = PBXVariantGroup;
			children = (
				2D29E6ED14C666C600DA44CB /* en */,
			);
			name = InfoPlist.strings;
			sourceTree = "<group>";
		};
		2D6144ED152AB18B007A3631 /* ViewController_iPad.xib */ = {
			isa = PBXVariantGroup;
			children = (
				2D6144EE152AB18B007A3631 /* en */,
			);
			name = ViewController_iPad.xib;
			sourceTree = "<group>";
		};
		2D6144EF152AB18B007A3631 /* ViewController_iPhone.xib */ = {
			isa = PBXVariantGroup;
			children = (
				2D6144F0152AB18B007A3631 /* en */,
			);
			name = ViewController_iPhone.xib;
			sourceTree = "<group>";
		};
/* End PBXVariantGroup section */

/* Begin XCBuildConfiguration section */
		2D29E6F214C666C600DA44CB /* Debug */ = {
			isa = XCBuildConfiguration;
			buildSettings = {
				ALWAYS_SEARCH_USER_PATHS = NO;
				ARCHS = "$(ARCHS_STANDARD_32_BIT)";
				CLANG_ENABLE_OBJC_ARC = YES;
				CODE_SIGN_IDENTITY = "iPhone Developer";
				"CODE_SIGN_IDENTITY[sdk=iphoneos*]" = "iPhone Developer";
				COPY_PHASE_STRIP = NO;
				GCC_C_LANGUAGE_STANDARD = gnu99;
				GCC_DYNAMIC_NO_PIC = NO;
				GCC_OPTIMIZATION_LEVEL = 0;
				GCC_PREPROCESSOR_DEFINITIONS = (
					"DEBUG=1",
					"$(inherited)",
				);
				GCC_SYMBOLS_PRIVATE_EXTERN = NO;
				GCC_VERSION = com.apple.compilers.llvm.clang.1_0;
				GCC_WARN_ABOUT_MISSING_PROTOTYPES = YES;
				GCC_WARN_ABOUT_RETURN_TYPE = YES;
				GCC_WARN_UNUSED_VARIABLE = YES;
				IPHONEOS_DEPLOYMENT_TARGET = 5.0;
				PROVISIONING_PROFILE = "";
				"PROVISIONING_PROFILE[sdk=iphoneos*]" = "";
				SDKROOT = iphoneos;
				TARGETED_DEVICE_FAMILY = "1,2";
			};
			name = Debug;
		};
		2D29E6F314C666C600DA44CB /* Release */ = {
			isa = XCBuildConfiguration;
			buildSettings = {
				ALWAYS_SEARCH_USER_PATHS = NO;
				ARCHS = "$(ARCHS_STANDARD_32_BIT)";
				CLANG_ENABLE_OBJC_ARC = YES;
				CODE_SIGN_IDENTITY = "iPhone Developer";
				"CODE_SIGN_IDENTITY[sdk=iphoneos*]" = "iPhone Developer";
				COPY_PHASE_STRIP = YES;
				GCC_C_LANGUAGE_STANDARD = gnu99;
				GCC_VERSION = com.apple.compilers.llvm.clang.1_0;
				GCC_WARN_ABOUT_MISSING_PROTOTYPES = YES;
				GCC_WARN_ABOUT_RETURN_TYPE = YES;
				GCC_WARN_UNUSED_VARIABLE = YES;
				IPHONEOS_DEPLOYMENT_TARGET = 5.0;
				OTHER_CFLAGS = "-DNS_BLOCK_ASSERTIONS=1";
				PROVISIONING_PROFILE = "";
				"PROVISIONING_PROFILE[sdk=iphoneos*]" = "";
				SDKROOT = iphoneos;
				TARGETED_DEVICE_FAMILY = "1,2";
				VALIDATE_PRODUCT = YES;
			};
			name = Release;
		};
		2D29E6F514C666C600DA44CB /* Debug */ = {
			isa = XCBuildConfiguration;
			buildSettings = {
				CODE_SIGN_IDENTITY = "iPhone Developer";
				"CODE_SIGN_IDENTITY[sdk=iphoneos*]" = "iPhone Developer";
				GCC_PRECOMPILE_PREFIX_HEADER = YES;
				GCC_PREFIX_HEADER = "CharTouch/CharTouch-Prefix.pch";
				GCC_PREPROCESSOR_DEFINITIONS = PURCHASE_CHECK_0;
				INFOPLIST_FILE = "CharTouch/CharTouch-Info.plist";
				IPHONEOS_DEPLOYMENT_TARGET = 4.2;
				PRODUCT_NAME = "Space Math";
				PROVISIONING_PROFILE = "";
				"PROVISIONING_PROFILE[sdk=iphoneos*]" = "";
				TARGETED_DEVICE_FAMILY = 1;
				WRAPPER_EXTENSION = app;
			};
			name = Debug;
		};
		2D29E6F614C666C600DA44CB /* Release */ = {
			isa = XCBuildConfiguration;
			buildSettings = {
				CODE_SIGN_IDENTITY = "iPhone Developer";
				"CODE_SIGN_IDENTITY[sdk=iphoneos*]" = "iPhone Developer";
				GCC_PRECOMPILE_PREFIX_HEADER = YES;
				GCC_PREFIX_HEADER = "CharTouch/CharTouch-Prefix.pch";
				GCC_PREPROCESSOR_DEFINITIONS = PURCHASE_CHECK_0;
				INFOPLIST_FILE = "CharTouch/CharTouch-Info.plist";
				IPHONEOS_DEPLOYMENT_TARGET = 4.2;
				PRODUCT_NAME = "Space Math";
				PROVISIONING_PROFILE = "";
				"PROVISIONING_PROFILE[sdk=iphoneos*]" = "";
				TARGETED_DEVICE_FAMILY = 1;
				WRAPPER_EXTENSION = app;
			};
			name = Release;
		};
/* End XCBuildConfiguration section */

/* Begin XCConfigurationList section */
		2D29E6B814C666C500DA44CB /* Build configuration list for PBXProject "CharTouch" */ = {
			isa = XCConfigurationList;
			buildConfigurations = (
				2D29E6F214C666C600DA44CB /* Debug */,
				2D29E6F314C666C600DA44CB /* Release */,
			);
			defaultConfigurationIsVisible = 0;
			defaultConfigurationName = Release;
		};
		2D29E6F414C666C600DA44CB /* Build configuration list for PBXNativeTarget "Math_T" */ = {
			isa = XCConfigurationList;
			buildConfigurations = (
				2D29E6F514C666C600DA44CB /* Debug */,
				2D29E6F614C666C600DA44CB /* Release */,
			);
			defaultConfigurationIsVisible = 0;
			defaultConfigurationName = Release;
		};
/* End XCConfigurationList section */
	};
	rootObject = 2D29E6B514C666C500DA44CB /* Project object */;
}
